
Microsoft Visual Studio Solution File, Format Version 12.00
# Visual Studio Version 17
VisualStudioVersion = 17.11.35312.102
MinimumVisualStudioVersion = 10.0.40219.1
Project("{FAE04EC0-301F-11D3-BF4B-00C04F79EFBC}") = "Ej0103", "Ej0103\Ej0103.csproj", "{6A5D62BC-FE2C-40E9-A3DE-D71FB88EA379}"
EndProject
Global
	GlobalSection(SolutionConfigurationPlatforms) = preSolution
		Debug|Any CPU = Debug|Any CPU
		Release|Any CPU = Release|Any CPU
	EndGlobalSection
	GlobalSection(ProjectConfigurationPlatforms) = postSolution
		{6A5D62BC-FE2C-40E9-A3DE-D71FB88EA379}.Debug|Any CPU.ActiveCfg = Debug|Any CPU
		{6A5D62BC-FE2C-40E9-A3DE-D71FB88EA379}.Debug|Any CPU.Build.0 = Debug|Any CPU
		{6A5D62BC-FE2C-40E9-A3DE-D71FB88EA379}.Release|Any CPU.ActiveCfg = Release|Any CPU
		{6A5D62BC-FE2C-40E9-A3DE-D71FB88EA379}.Release|Any CPU.Build.0 = Release|Any CPU
	EndGlobalSection
	GlobalSection(SolutionProperties) = preSolution
		HideSolutionNode = FALSE
	EndGlobalSection
	GlobalSection(ExtensibilityGlobals) = postSolution
		SolutionGuid = {1BA1AE00-E65B-4E2B-9D1B-B46C4F7785B2}
	EndGlobalSection
EndGlobal
