
Microsoft Visual Studio Solution File, Format Version 12.00
# Visual Studio Version 17
VisualStudioVersion = 17.11.35312.102
MinimumVisualStudioVersion = 10.0.40219.1
Project("{FAE04EC0-301F-11D3-BF4B-00C04F79EFBC}") = "Ej02", "Ej02\Ej02.csproj", "{69A3E115-D0A7-42CF-9786-E8C01EAE4C04}"
EndProject
Global
	GlobalSection(SolutionConfigurationPlatforms) = preSolution
		Debug|Any CPU = Debug|Any CPU
		Release|Any CPU = Release|Any CPU
	EndGlobalSection
	GlobalSection(ProjectConfigurationPlatforms) = postSolution
		{69A3E115-D0A7-42CF-9786-E8C01EAE4C04}.Debug|Any CPU.ActiveCfg = Debug|Any CPU
		{69A3E115-D0A7-42CF-9786-E8C01EAE4C04}.Debug|Any CPU.Build.0 = Debug|Any CPU
		{69A3E115-D0A7-42CF-9786-E8C01EAE4C04}.Release|Any CPU.ActiveCfg = Release|Any CPU
		{69A3E115-D0A7-42CF-9786-E8C01EAE4C04}.Release|Any CPU.Build.0 = Release|Any CPU
	EndGlobalSection
	GlobalSection(SolutionProperties) = preSolution
		HideSolutionNode = FALSE
	EndGlobalSection
	GlobalSection(ExtensibilityGlobals) = postSolution
		SolutionGuid = {1F08920F-BE14-42BB-951D-61070316F97F}
	EndGlobalSection
EndGlobal
